
Microsoft Visual Studio Solution File, Format Version 12.00
# Visual Studio Version 16
VisualStudioVersion = 16.0.29709.97
MinimumVisualStudioVersion = 10.0.40219.1
Project("{FAE04EC0-301F-11D3-BF4B-00C04F79EFBC}") = "PracticeOOP2", "PracticeOOP2.csproj", "{0656DDB8-4378-4C83-9B7F-17F41126F4D2}"
EndProject
Global
	GlobalSection(SolutionConfigurationPlatforms) = preSolution
		Debug|Any CPU = Debug|Any CPU
		Release|Any CPU = Release|Any CPU
	EndGlobalSection
	GlobalSection(ProjectConfigurationPlatforms) = postSolution
		{0656DDB8-4378-4C83-9B7F-17F41126F4D2}.Debug|Any CPU.ActiveCfg = Debug|Any CPU
		{0656DDB8-4378-4C83-9B7F-17F41126F4D2}.Debug|Any CPU.Build.0 = Debug|Any CPU
		{0656DDB8-4378-4C83-9B7F-17F41126F4D2}.Release|Any CPU.ActiveCfg = Release|Any CPU
		{0656DDB8-4378-4C83-9B7F-17F41126F4D2}.Release|Any CPU.Build.0 = Release|Any CPU
	EndGlobalSection
	GlobalSection(SolutionProperties) = preSolution
		HideSolutionNode = FALSE
	EndGlobalSection
	GlobalSection(ExtensibilityGlobals) = postSolution
		SolutionGuid = {E7709A8E-80A5-4AEB-86E6-748A5D729A93}
	EndGlobalSection
EndGlobal
